Microsoft Visual Studio Solution File, Format Version 12.00
# Visual Studio Version 17
VisualStudioVersion = 17.5.2.0
MinimumVisualStudioVersion = 10.0.40219.1
Project("{FAE04EC0-301F-11D3-BF4B-00C04F79EFBC}") = "EfVsDapper", "EfVsDapper\EfVsDapper.csproj", "{533872DE-C722-64BD-ADF6-7BC9E9484B92}"
EndProject
Global
	GlobalSection(SolutionConfigurationPlatforms) = preSolution
		Debug|Any CPU = Debug|Any CPU
		Release|Any CPU = Release|Any CPU
	EndGlobalSection
	GlobalSection(ProjectConfigurationPlatforms) = postSolution
		{533872DE-C722-64BD-ADF6-7BC9E9484B92}.Debug|Any CPU.ActiveCfg = Debug|Any CPU
		{533872DE-C722-64BD-ADF6-7BC9E9484B92}.Debug|Any CPU.Build.0 = Debug|Any CPU
		{533872DE-C722-64BD-ADF6-7BC9E9484B92}.Release|Any CPU.ActiveCfg = Release|Any CPU
		{533872DE-C722-64BD-ADF6-7BC9E9484B92}.Release|Any CPU.Build.0 = Release|Any CPU
	EndGlobalSection
	GlobalSection(SolutionProperties) = preSolution
		HideSolutionNode = FALSE
	EndGlobalSection
	GlobalSection(ExtensibilityGlobals) = postSolution
		SolutionGuid = {D3E79977-BA60-4136-8B05-5AA5A1985FB8}
	EndGlobalSection
EndGlobal
